{
  "pins" : [
    {
      "identity" : "linphone-sdk-swift-ios",
      "kind" : "remoteSourceControl",
      "location" : "https://gitlab.linphone.org/BC/public/linphone-sdk-swift-ios",
      "state" : {
        "revision" : "065f40364c8bacea175b020a121c3a7814777f95",
        "version" : "5.4.41"
      }
    },
    {
      "identity" : "sqlite.swift",
      "kind" : "remoteSourceControl",
      "location" : "https://github.com/stephencelis/SQLite.swift.git",
      "state" : {
        "revision" : "392dd6058624d9f6c5b4c769d165ddd8c7293394",
        "version" : "0.15.4"
      }
    },
    {
      "identity" : "swift-toolchain-sqlite",
      "kind" : "remoteSourceControl",
      "location" : "https://github.com/swiftlang/swift-toolchain-sqlite",
      "state" : {
        "revision" : "b626d3002773b1a1304166643e7f118f724b2132",
        "version" : "1.0.4"
      }
    }
  ],
  "version" : 2
}
